
Microsoft Visual Studio Solution File, Format Version 12.00
# Visual Studio Version 16
VisualStudioVersion = 16.0.32228.343
MinimumVisualStudioVersion = 10.0.40219.1
Project("{FAE04EC0-301F-11D3-BF4B-00C04F79EFBC}") = "klassiHooneLoomine_topolja", "klassiHooneLoomine_topolja.csproj", "{B8B41176-8B0A-4A90-A0A7-904E34CCB082}"
EndProject
Global
	GlobalSection(SolutionConfigurationPlatforms) = preSolution
		Debug|Any CPU = Debug|Any CPU
		Release|Any CPU = Release|Any CPU
	EndGlobalSection
	GlobalSection(ProjectConfigurationPlatforms) = postSolution
		{B8B41176-8B0A-4A90-A0A7-904E34CCB082}.Debug|Any CPU.ActiveCfg = Debug|Any CPU
		{B8B41176-8B0A-4A90-A0A7-904E34CCB082}.Debug|Any CPU.Build.0 = Debug|Any CPU
		{B8B41176-8B0A-4A90-A0A7-904E34CCB082}.Release|Any CPU.ActiveCfg = Release|Any CPU
		{B8B41176-8B0A-4A90-A0A7-904E34CCB082}.Release|Any CPU.Build.0 = Release|Any CPU
	EndGlobalSection
	GlobalSection(SolutionProperties) = preSolution
		HideSolutionNode = FALSE
	EndGlobalSection
	GlobalSection(ExtensibilityGlobals) = postSolution
		SolutionGuid = {E6DEE58D-2A0B-41C5-9D08-45075582ED66}
	EndGlobalSection
EndGlobal
